
Microsoft Visual Studio Solution File, Format Version 12.00
# Visual Studio Version 17
VisualStudioVersion = 17.12.35707.178
MinimumVisualStudioVersion = 10.0.40219.1
Project("{2150E333-8FDC-42A3-9474-1A3956D46DE8}") = ".github", ".github", "{639ED8D3-7ABB-4090-99DB-1507FCD572CD}"
EndProject
Project("{2150E333-8FDC-42A3-9474-1A3956D46DE8}") = "workflows", "workflows", "{8E024A71-387E-4CEE-9C96-78E933D26CA7}"
	ProjectSection(SolutionItems) = preProject
		.github\workflows\ci-cd.yml = .github\workflows\ci-cd.yml
		.github\workflows\release.yml = .github\workflows\release.yml
	EndProjectSection
EndProject
Project("{FAE04EC0-301F-11D3-BF4B-00C04F79EFBC}") = "devex", "src\DevEx.Console\devex.csproj", "{630B8EA8-DE56-43E9-8621-1DF5CAE4BBFC}"
EndProject
Global
	GlobalSection(SolutionConfigurationPlatforms) = preSolution
		Debug|Any CPU = Debug|Any CPU
		Release|Any CPU = Release|Any CPU
	EndGlobalSection
	GlobalSection(ProjectConfigurationPlatforms) = postSolution
		{630B8EA8-DE56-43E9-8621-1DF5CAE4BBFC}.Debug|Any CPU.ActiveCfg = Debug|Any CPU
		{630B8EA8-DE56-43E9-8621-1DF5CAE4BBFC}.Debug|Any CPU.Build.0 = Debug|Any CPU
		{630B8EA8-DE56-43E9-8621-1DF5CAE4BBFC}.Release|Any CPU.ActiveCfg = Release|Any CPU
		{630B8EA8-DE56-43E9-8621-1DF5CAE4BBFC}.Release|Any CPU.Build.0 = Release|Any CPU
	EndGlobalSection
	GlobalSection(SolutionProperties) = preSolution
		HideSolutionNode = FALSE
	EndGlobalSection
	GlobalSection(NestedProjects) = preSolution
		{8E024A71-387E-4CEE-9C96-78E933D26CA7} = {639ED8D3-7ABB-4090-99DB-1507FCD572CD}
	EndGlobalSection
EndGlobal
