
Microsoft Visual Studio Solution File, Format Version 12.00
# Visual Studio Version 17
VisualStudioVersion = 17.12.35707.178
MinimumVisualStudioVersion = 10.0.40219.1
Project("{2150E333-8FDC-42A3-9474-1A3956D46DE8}") = ".github", ".github", "{639ED8D3-7ABB-4090-99DB-1507FCD572CD}"
EndProject
Project("{2150E333-8FDC-42A3-9474-1A3956D46DE8}") = "workflows", "workflows", "{8E024A71-387E-4CEE-9C96-78E933D26CA7}"
	ProjectSection(SolutionItems) = preProject
		.github\workflows\ci-cd.yml = .github\workflows\ci-cd.yml
		.github\workflows\release.yml = .github\workflows\release.yml
	EndProjectSection
EndProject
Project("{FAE04EC0-301F-11D3-BF4B-00C04F79EFBC}") = "DevEx.Console", "src\DevEx.Console\DevEx.Console.csproj", "{630B8EA8-DE56-43E9-8621-1DF5CAE4BBFC}"
EndProject
Project("{FAE04EC0-301F-11D3-BF4B-00C04F79EFBC}") = "DevEx.Core", "src\DevEx.Core\DevEx.Core.csproj", "{186999ED-CCC0-42D0-A5D9-F5828B2E941A}"
EndProject
Project("{2150E333-8FDC-42A3-9474-1A3956D46DE8}") = "docs", "docs", "{D0CC6026-4F9B-4421-9A87-046E5D20F906}"
	ProjectSection(SolutionItems) = preProject
		README.md = README.md
	EndProjectSection
EndProject
Project("{2150E333-8FDC-42A3-9474-1A3956D46DE8}") = "src", "src", "{3A074D34-F911-46E3-AFDB-B8CFC6E874B0}"
EndProject
Project("{2150E333-8FDC-42A3-9474-1A3956D46DE8}") = "Modules", "Modules", "{92F3FA74-1E19-46D4-8393-AC9C60BDC32D}"
EndProject
Project("{FAE04EC0-301F-11D3-BF4B-00C04F79EFBC}") = "DevEx.Modules.Vault", "src\DevEx.Modules\DevEx.Modules.Vault\DevEx.Modules.Vault.csproj", "{5D74B34E-FBEC-451C-A936-1DE7A5E4B59C}"
EndProject
Project("{FAE04EC0-301F-11D3-BF4B-00C04F79EFBC}") = "DevEx.Modules.Run", "src\DevEx.Modules\DevEx.Modules.Run\DevEx.Modules.Run.csproj", "{519D999F-C7C0-4E16-BE20-7B570C990385}"
EndProject
Project("{FAE04EC0-301F-11D3-BF4B-00C04F79EFBC}") = "DevEx.Modules.IntelliSense", "src\DevEx.Modules\DevEx.Modules.IntelliSense\DevEx.Modules.IntelliSense.csproj", "{4ACE720A-3C4C-44BA-ABFA-E60DEC174A26}"
EndProject
Project("{FAE04EC0-301F-11D3-BF4B-00C04F79EFBC}") = "DevEx.Modules.Tools", "src\DevEx.Modules\DevEx.Modules.Tools\DevEx.Modules.Tools.csproj", "{F0C65C5A-D604-4A77-AC59-6F74491899D0}"
EndProject
Global
	GlobalSection(SolutionConfigurationPlatforms) = preSolution
		Debug|Any CPU = Debug|Any CPU
		Release|Any CPU = Release|Any CPU
	EndGlobalSection
	GlobalSection(ProjectConfigurationPlatforms) = postSolution
		{630B8EA8-DE56-43E9-8621-1DF5CAE4BBFC}.Debug|Any CPU.ActiveCfg = Debug|Any CPU
		{630B8EA8-DE56-43E9-8621-1DF5CAE4BBFC}.Debug|Any CPU.Build.0 = Debug|Any CPU
		{630B8EA8-DE56-43E9-8621-1DF5CAE4BBFC}.Release|Any CPU.ActiveCfg = Release|Any CPU
		{630B8EA8-DE56-43E9-8621-1DF5CAE4BBFC}.Release|Any CPU.Build.0 = Release|Any CPU
		{186999ED-CCC0-42D0-A5D9-F5828B2E941A}.Debug|Any CPU.ActiveCfg = Debug|Any CPU
		{186999ED-CCC0-42D0-A5D9-F5828B2E941A}.Debug|Any CPU.Build.0 = Debug|Any CPU
		{186999ED-CCC0-42D0-A5D9-F5828B2E941A}.Release|Any CPU.ActiveCfg = Release|Any CPU
		{186999ED-CCC0-42D0-A5D9-F5828B2E941A}.Release|Any CPU.Build.0 = Release|Any CPU
		{5D74B34E-FBEC-451C-A936-1DE7A5E4B59C}.Debug|Any CPU.ActiveCfg = Debug|Any CPU
		{5D74B34E-FBEC-451C-A936-1DE7A5E4B59C}.Debug|Any CPU.Build.0 = Debug|Any CPU
		{5D74B34E-FBEC-451C-A936-1DE7A5E4B59C}.Release|Any CPU.ActiveCfg = Release|Any CPU
		{5D74B34E-FBEC-451C-A936-1DE7A5E4B59C}.Release|Any CPU.Build.0 = Release|Any CPU
		{519D999F-C7C0-4E16-BE20-7B570C990385}.Debug|Any CPU.ActiveCfg = Debug|Any CPU
		{519D999F-C7C0-4E16-BE20-7B570C990385}.Debug|Any CPU.Build.0 = Debug|Any CPU
		{519D999F-C7C0-4E16-BE20-7B570C990385}.Release|Any CPU.ActiveCfg = Release|Any CPU
		{519D999F-C7C0-4E16-BE20-7B570C990385}.Release|Any CPU.Build.0 = Release|Any CPU
		{4ACE720A-3C4C-44BA-ABFA-E60DEC174A26}.Debug|Any CPU.ActiveCfg = Debug|Any CPU
		{4ACE720A-3C4C-44BA-ABFA-E60DEC174A26}.Debug|Any CPU.Build.0 = Debug|Any CPU
		{4ACE720A-3C4C-44BA-ABFA-E60DEC174A26}.Release|Any CPU.ActiveCfg = Release|Any CPU
		{4ACE720A-3C4C-44BA-ABFA-E60DEC174A26}.Release|Any CPU.Build.0 = Release|Any CPU
		{F0C65C5A-D604-4A77-AC59-6F74491899D0}.Debug|Any CPU.ActiveCfg = Debug|Any CPU
		{F0C65C5A-D604-4A77-AC59-6F74491899D0}.Debug|Any CPU.Build.0 = Debug|Any CPU
		{F0C65C5A-D604-4A77-AC59-6F74491899D0}.Release|Any CPU.ActiveCfg = Release|Any CPU
		{F0C65C5A-D604-4A77-AC59-6F74491899D0}.Release|Any CPU.Build.0 = Release|Any CPU
	EndGlobalSection
	GlobalSection(SolutionProperties) = preSolution
		HideSolutionNode = FALSE
	EndGlobalSection
	GlobalSection(NestedProjects) = preSolution
		{8E024A71-387E-4CEE-9C96-78E933D26CA7} = {639ED8D3-7ABB-4090-99DB-1507FCD572CD}
		{630B8EA8-DE56-43E9-8621-1DF5CAE4BBFC} = {3A074D34-F911-46E3-AFDB-B8CFC6E874B0}
		{186999ED-CCC0-42D0-A5D9-F5828B2E941A} = {3A074D34-F911-46E3-AFDB-B8CFC6E874B0}
		{92F3FA74-1E19-46D4-8393-AC9C60BDC32D} = {3A074D34-F911-46E3-AFDB-B8CFC6E874B0}
		{5D74B34E-FBEC-451C-A936-1DE7A5E4B59C} = {92F3FA74-1E19-46D4-8393-AC9C60BDC32D}
		{519D999F-C7C0-4E16-BE20-7B570C990385} = {92F3FA74-1E19-46D4-8393-AC9C60BDC32D}
		{4ACE720A-3C4C-44BA-ABFA-E60DEC174A26} = {92F3FA74-1E19-46D4-8393-AC9C60BDC32D}
		{F0C65C5A-D604-4A77-AC59-6F74491899D0} = {92F3FA74-1E19-46D4-8393-AC9C60BDC32D}
	EndGlobalSection
EndGlobal
